# This file is autogenerated, do not edit; changes may be undone by the next 'dep ensure'.


[[projects]]
  digest = "1:0a111edd8693fd977f42a0c4f199a0efb13c20aec9da99ad8830c7bb6a87e8d6"
  name = "github.com/PuerkitoBio/purell"
  packages = ["."]
  pruneopts = "NUT"
  revision = "44968752391892e1b0d0b821ee79e9a85fa13049"
  version = "v1.1.1"

[[projects]]
  branch = "master"
  digest = "1:8098cd40cd09879efbf12e33bcd51ead4a66006ac802cd563a66c4f3373b9727"
  name = "github.com/PuerkitoBio/urlesc"
  packages = ["."]
  pruneopts = "NUT"
  revision = "de5bf2ad457846296e2031421a34e2568e304e35"

[[projects]]
  digest = "1:c625fa56b03726603d572cf18fc73499751d2715dfa3f8b2dfad48ddecd408d7"
  name = "github.com/asaskevich/govalidator"
  packages = ["."]
  pruneopts = "NUT"
  revision = "475eaeb164960a651e97470412a7d3b0c5036105"
  version = "v10"

[[projects]]
  digest = "1:34f6bf3282e16de2b4e1464e0a14c045de10ff3d0617022a334a0a8ab8443155"
  name = "github.com/cilium/cilium"
  packages = [
    "api/v1/client",
    "api/v1/client/daemon",
    "api/v1/client/endpoint",
    "api/v1/client/ipam",
    "api/v1/client/metrics",
    "api/v1/client/policy",
    "api/v1/client/prefilter",
    "api/v1/client/service",
    "api/v1/models",
    "pkg/api",
    "pkg/client",
    "pkg/defaults",
    "pkg/endpoint/id",
    "pkg/labels",
    "pkg/logging",
    "pkg/logging/logfields",
  ]
  pruneopts = "NUT"
  revision = "aa42034f09a5ac1218a8c6dfe0ee0b9bcf6d4801"
  version = "1.8.2"

[[projects]]
  digest = "1:0914bf7efc3e3052163e92b859a89f3b407ad353d7c3b7f59a1bbb4fd05bb25d"
  name = "github.com/fsnotify/fsnotify"
  packages = ["."]
  pruneopts = "NUT"
  revision = "45d7d09e39ef4ac08d493309fa031790c15bfe8a"
  version = "v1.4.9"

[[projects]]
  digest = "1:d24202e1443ccfa3cddbf2637429b1a75b579b770f763248dd7a444768c457d3"
  name = "github.com/go-logr/logr"
  packages = ["."]
  pruneopts = "NUT"
  revision = "d18fcbf02861580d05a1f23601145b272c4e7b4b"
  version = "v0.2.0"

[[projects]]
  digest = "1:82ebaeef8f2da43f9c4544f05d1b0dd987189a11e444e013e6c9e529235b7504"
  name = "github.com/go-openapi/analysis"
  packages = [
    ".",
    "internal",
  ]
  pruneopts = "NUT"
  revision = "421cb960388d1c41b1d4f0eee5300257ac289c97"
  version = "v0.19.10"

[[projects]]
  digest = "1:6a736893297649605f8a7ecc69c662eed252f21fa3c34809088e5d44735bcb02"
  name = "github.com/go-openapi/errors"
  packages = ["."]
  pruneopts = "NUT"
  revision = "7f2246786dd6ea01e5e7fe8e0229a53ea48bc6c4"
  version = "v0.19.6"

[[projects]]
  digest = "1:3758c86e787dfe5792a23430f34636106a16da914446724399c9c12f121a225d"
  name = "github.com/go-openapi/jsonpointer"
  packages = ["."]
  pruneopts = "NUT"
  revision = "ed123515f087412cd7ef02e49b0b0a5e6a79a360"
  version = "v0.19.3"

[[projects]]
  digest = "1:98abd61947ff5c7c6fcfec5473d02a4821ed3a2dd99a4fbfdb7925b0dd745546"
  name = "github.com/go-openapi/jsonreference"
  packages = ["."]
  pruneopts = "NUT"
  revision = "7775307885f903b5e6808c24d81ead7eb136915f"
  version = "v0.19.4"

[[projects]]
  digest = "1:c3cb0571346173abe3b329baf50e5ca05d2d1640cfe2817c65ed377e44c34afc"
  name = "github.com/go-openapi/loads"
  packages = ["."]
  pruneopts = "NUT"
  revision = "18bb1f3437c08e833e5f629003bafc2a3884d19f"
  version = "v0.19.5"

[[projects]]
  digest = "1:731c48ad404d44df8d3da9c209dd29084a8eba9904e895546b66845ea85ae957"
  name = "github.com/go-openapi/runtime"
  packages = [
    ".",
    "client",
    "logger",
    "middleware",
    "middleware/denco",
    "middleware/header",
    "middleware/untyped",
    "security",
  ]
  pruneopts = "NUT"
  revision = "5fc6d7931327cf2e35c6f68b24964af682789b15"
  version = "v0.19.20"

[[projects]]
  digest = "1:a73c7e40dcada711eb805afea511470874b8e934a6eaadd7d92a350bf80ea111"
  name = "github.com/go-openapi/spec"
  packages = ["."]
  pruneopts = "NUT"
  revision = "e7bc266bd09139be98b222b2ef8fbca0ffdb933d"
  version = "v0.19.9"

[[projects]]
  digest = "1:505f715d384d958e9378bd398015d50ede72dc6375f8d18961121452d545f865"
  name = "github.com/go-openapi/strfmt"
  packages = ["."]
  pruneopts = "NUT"
  revision = "2887e74ed0fe2aea628affe322b19fc3112f98cd"
  version = "v0.19.5"

[[projects]]
  digest = "1:b8bae5ae3c3ccc79b8af1cf6658aa8255711b7eb4eabfb3a3ac785129a372b0c"
  name = "github.com/go-openapi/swag"
  packages = ["."]
  pruneopts = "NUT"
  revision = "ab98f8e6456407f6afd63e441c5304d6ef60cb7f"
  version = "v0.19.9"

[[projects]]
  digest = "1:2e35ee61c5e4d43f0503a7c6895aff9ba0c3995798e89c2b4d99895f025c7921"
  name = "github.com/go-openapi/validate"
  packages = ["."]
  pruneopts = "NUT"
  revision = "b4358e2166e999e752797fead269fb411dc700f7"
  version = "v0.19.10"

[[projects]]
  digest = "1:91358b3a314c1ddfd4d6445ca9c1fb846842c31c153e626730594b3c95f73f4a"
  name = "github.com/go-stack/stack"
  packages = ["."]
  pruneopts = "NUT"
  revision = "2fee6af1a9795aafbe0253a0cfbdf668e1fb8a9a"
  version = "v1.8.0"

[[projects]]
  digest = "1:11c6c696067d3127ecf332b10f89394d386d9083f82baf71f40f2da31841a009"
  name = "github.com/hashicorp/hcl"
  packages = [
    ".",
    "hcl/ast",
    "hcl/parser",
    "hcl/printer",
    "hcl/scanner",
    "hcl/strconv",
    "hcl/token",
    "json/parser",
    "json/scanner",
    "json/token",
  ]
  pruneopts = "NUT"
  revision = "8cb6e5b959231cc1119e43259c4a608f9c51a241"
  version = "v1.0.0"

[[projects]]
  digest = "1:19557f837d82bac7212d6c6481645fac975d2f68ef55f15f9651ffa6fa00e621"
  name = "github.com/josharian/intern"
  packages = ["."]
  pruneopts = "NUT"
  revision = "8e6ff32b3e7c0b018c43953085fe2ac330fe9acd"
  version = "v1.0.0"

[[projects]]
  digest = "1:a3998f85665bdf805d519735e658c0e0125bd67b57bb15e414a5a9e360e32455"
  name = "github.com/konsorten/go-windows-terminal-sequences"
  packages = ["."]
  pruneopts = "NUT"
  revision = "edb144dfd453055e1e49a3d8b410a660b5a87613"
  version = "v1.0.3"

[[projects]]
  digest = "1:802689c84994b7f2e41ffe7e39d29a8d8227f2121938dc025db44dfaa9633b15"
  name = "github.com/magiconair/properties"
  packages = ["."]
  pruneopts = "NUT"
  revision = "de8848e004dd33dc07a2947b3d76f618a7fc7ef1"
  version = "v1.8.1"

[[projects]]
  digest = "1:d2f03ea85d9f33c26d3148860b73ad00b0924f15a0a4b5c3b04488ab4de778aa"
  name = "github.com/mailru/easyjson"
  packages = [
    "buffer",
    "jlexer",
    "jwriter",
  ]
  pruneopts = "NUT"
  revision = "f3f97e8f150475a2a00cad77603fc45ef4bc6aa9"
  version = "0.7.4"

[[projects]]
  digest = "1:40709da827caf66d1421f7e7251ed840c1c04423597041332d01797403280e49"
  name = "github.com/mitchellh/mapstructure"
  packages = ["."]
  pruneopts = "NUT"
  revision = "9e1e4717f8567d7ead72d070d064ad17d444a67e"
  version = "v1.3.3"

[[projects]]
  digest = "1:f0e1b2622f6f3e16a7f333cc0d24ed4993dc8672603c49da256499eb65f88790"
  name = "github.com/pelletier/go-toml"
  packages = ["."]
  pruneopts = "NUT"
  revision = "16c9a8bdc086a2130a88eff98df4088e4c359bb2"
  version = "v1.8.0"

[[projects]]
  digest = "1:34cb7c0385754cc8786cfe850d72531fcacb5da7d5396a9a3c16ba4a8a058492"
  name = "github.com/sirupsen/logrus"
  packages = [
    ".",
    "hooks/syslog",
  ]
  pruneopts = "NUT"
  revision = "60c74ad9be0d874af0ab0daef6ab07c5c5911f0d"
  version = "v1.6.0"

[[projects]]
  digest = "1:95b134401c142d9dc442ac40c4513fb9ae76ef37799b39446e4bcc978d058110"
  name = "github.com/spf13/afero"
  packages = [
    ".",
    "mem",
  ]
  pruneopts = "NUT"
  revision = "799ff74c0fd7e7df974e6ffa1c94e3d206f5673b"
  version = "v1.3.4"

[[projects]]
  digest = "1:58dae2a64f88329debe1daed979ccd2fd9b5a1b4b1867c2bc7ed96acb0ff00d0"
  name = "github.com/spf13/cast"
  packages = ["."]
  pruneopts = "NUT"
  revision = "1ffadf551085444af981432dd0f6d1160c11ec64"
  version = "v1.3.1"

[[projects]]
  digest = "1:3d72352adb74e79d6d5a43d6f51bfd2d0bd0c9b5f3c00cf5a4b1636d8d3b9d92"
  name = "github.com/spf13/jwalterweatherman"
  packages = ["."]
  pruneopts = "NUT"
  revision = "94f6ae3ed3bceceafa716478c5fbf8d29ca601a1"
  version = "v1.1.0"

[[projects]]
  digest = "1:d115708a27806831d1babbc6f28a7478ddf8e32a7095507c816e2515fb03a810"
  name = "github.com/spf13/pflag"
  packages = ["."]
  pruneopts = "NUT"
  revision = "2e9d26c8c37aae03e3f9d4e90b7116f5accb7cab"
  version = "v1.0.5"

[[projects]]
  digest = "1:fec0368c130b82ac6044d7460c860798b0333a0761e4c3244ec5364201db2777"
  name = "github.com/spf13/viper"
  packages = ["."]
  pruneopts = "NUT"
  revision = "3826be313591f83193f048520482a7b3cf17d506"
  version = "v1.7.1"

[[projects]]
  digest = "1:f60e4a8af6b6f3940cbdd28b1262221d28b4eb4d31b87bdb7b219f5fc0f278bf"
  name = "github.com/subosito/gotenv"
  packages = ["."]
  pruneopts = "NUT"
  revision = "2ef7124db659d49edac6aa459693a15ae36c671a"
  version = "v1.2.0"

[[projects]]
  digest = "1:a145de95ef73dc97e22b03f94c6b41af5a5930fa576cdf572be4460495b5958e"
  name = "go.mongodb.org/mongo-driver"
  packages = [
    "bson",
    "bson/bsoncodec",
    "bson/bsonoptions",
    "bson/bsonrw",
    "bson/bsontype",
    "bson/primitive",
    "x/bsonx/bsoncore",
  ]
  pruneopts = "NUT"
  revision = "f10b4198e74067ceb15c68889c34a2cb4817d766"
  version = "v1.4.0"

[[projects]]
  branch = "master"
  digest = "1:d1f7edf951b9cc444358a31de2f4e4c1c5c539ea9c6aca13f5bf92eb1124fc4b"
  name = "golang.org/x/net"
  packages = ["idna"]
  pruneopts = "NUT"
  revision = "3edf25e44fccea9e11b919341e952fca722ef460"

[[projects]]
  branch = "master"
  digest = "1:4c699a067df54a982b2cbe1f38ba938d56ee36642a8477538d770917c0153829"
  name = "golang.org/x/sys"
  packages = [
    "internal/unsafeheader",
    "unix",
  ]
  pruneopts = "NUT"
  revision = "6a926be9bd1de9da2007a5071f42528afca90858"

[[projects]]
  digest = "1:dd87aec186c054a90f96cb78e44d25b23b625c48f22bd79f7a68c7e35aa7caf4"
  name = "golang.org/x/text"
  packages = [
    "collate",
    "collate/build",
    "internal/colltab",
    "internal/gen",
    "internal/language",
    "internal/language/compact",
    "internal/tag",
    "internal/triegen",
    "internal/ucd",
    "language",
    "secure/bidirule",
    "transform",
    "unicode/bidi",
    "unicode/cldr",
    "unicode/norm",
    "unicode/rangetable",
    "width",
  ]
  pruneopts = "NUT"
  revision = "23ae387dee1f90d29a23c0e87ee0b46038fbed0e"
  version = "v0.3.3"

[[projects]]
  digest = "1:8c58c38a1449b68c91f83b555e4ef59dc095c96f7effcc9ce3f08aa033f7f519"
  name = "gopkg.in/ini.v1"
  packages = ["."]
  pruneopts = "NUT"
  revision = "1a3a8f76400d7befb953686e2a4f3a2f1de762ed"
  version = "v1.58.0"

[[projects]]
  digest = "1:62a89978829993fb84e755bff5ae0e3d84837228898fd55b1a88a885036e1e51"
  name = "gopkg.in/yaml.v2"
  packages = ["."]
  pruneopts = "NUT"
  revision = "0b1645d91e851e735d3e23330303ce81f70adbe3"
  version = "v2.3.0"

[[projects]]
  digest = "1:179a8fec6e9641f52d6d6006c976c0925aa1cbc0d1f7f0a150648513745aa73a"
  name = "k8s.io/klog"
  packages = ["."]
  pruneopts = "NUT"
  revision = "b5c3182dac44f851522e32c97c86ac32755c296d"
  version = "v2.3.0"

[solve-meta]
  analyzer-name = "dep"
  analyzer-version = 1
  input-imports = ["github.com/cilium/cilium/pkg/client"]
  solver-name = "gps-cdcl"
  solver-version = 1
